
Microsoft Visual Studio Solution File, Format Version 12.00
# Visual Studio Version 17
VisualStudioVersion = 17.5.33502.453
MinimumVisualStudioVersion = 10.0.40219.1
Project("{FAE04EC0-301F-11D3-BF4B-00C04F79EFBC}") = "WindowsFormsApp7", "WindowsFormsApp7\WindowsFormsApp7.csproj", "{846291E8-50B7-4D8E-843D-5B84493BD247}"
EndProject
Global
	GlobalSection(SolutionConfigurationPlatforms) = preSolution
		Debug|Any CPU = Debug|Any CPU
		Release|Any CPU = Release|Any CPU
	EndGlobalSection
	GlobalSection(ProjectConfigurationPlatforms) = postSolution
		{846291E8-50B7-4D8E-843D-5B84493BD247}.Debug|Any CPU.ActiveCfg = Debug|Any CPU
		{846291E8-50B7-4D8E-843D-5B84493BD247}.Debug|Any CPU.Build.0 = Debug|Any CPU
		{846291E8-50B7-4D8E-843D-5B84493BD247}.Release|Any CPU.ActiveCfg = Release|Any CPU
		{846291E8-50B7-4D8E-843D-5B84493BD247}.Release|Any CPU.Build.0 = Release|Any CPU
	EndGlobalSection
	GlobalSection(SolutionProperties) = preSolution
		HideSolutionNode = FALSE
	EndGlobalSection
	GlobalSection(ExtensibilityGlobals) = postSolution
		SolutionGuid = {7770F851-3901-4EB0-A4B8-A5403E7E2BF5}
	EndGlobalSection
EndGlobal
